
Microsoft Visual Studio Solution File, Format Version 12.00
# Visual Studio Version 17
VisualStudioVersion = 17.1.32210.238
MinimumVisualStudioVersion = 10.0.40219.1
Project("{FAE04EC0-301F-11D3-BF4B-00C04F79EFBC}") = "Blazor-DbContextFactory", "Blazor-DbContextFactory\Blazor-DbContextFactory.csproj", "{BF344A90-B3EB-47F5-BA80-2C977F2E99E2}"
EndProject
Global
	GlobalSection(SolutionConfigurationPlatforms) = preSolution
		Debug|Any CPU = Debug|Any CPU
		Release|Any CPU = Release|Any CPU
	EndGlobalSection
	GlobalSection(ProjectConfigurationPlatforms) = postSolution
		{BF344A90-B3EB-47F5-BA80-2C977F2E99E2}.Debug|Any CPU.ActiveCfg = Debug|Any CPU
		{BF344A90-B3EB-47F5-BA80-2C977F2E99E2}.Debug|Any CPU.Build.0 = Debug|Any CPU
		{BF344A90-B3EB-47F5-BA80-2C977F2E99E2}.Release|Any CPU.ActiveCfg = Release|Any CPU
		{BF344A90-B3EB-47F5-BA80-2C977F2E99E2}.Release|Any CPU.Build.0 = Release|Any CPU
	EndGlobalSection
	GlobalSection(SolutionProperties) = preSolution
		HideSolutionNode = FALSE
	EndGlobalSection
	GlobalSection(ExtensibilityGlobals) = postSolution
		SolutionGuid = {686EBB54-1C64-437B-A3E5-82E349E4688F}
	EndGlobalSection
EndGlobal
